
Microsoft Visual Studio Solution File, Format Version 12.00
# Visual Studio Version 17
VisualStudioVersion = 17.4.33213.308
MinimumVisualStudioVersion = 10.0.40219.1
Project("{9A19103F-16F7-4668-BE54-9A1E7A4F7556}") = "TimeBooking", "TimeBooking\TimeBooking.csproj", "{A4C043A8-359C-4FF6-BAE3-C5D06C41126D}"
EndProject
Project("{FAE04EC0-301F-11D3-BF4B-00C04F79EFBC}") = "UnitTestTimeBooking", "UnitTestTimeBooking\UnitTestTimeBooking.csproj", "{1E46C41F-2379-41AC-BB29-0E0ACCF6C331}"
EndProject
Global
	GlobalSection(SolutionConfigurationPlatforms) = preSolution
		Debug|Any CPU = Debug|Any CPU
		Release|Any CPU = Release|Any CPU
	EndGlobalSection
	GlobalSection(ProjectConfigurationPlatforms) = postSolution
		{A4C043A8-359C-4FF6-BAE3-C5D06C41126D}.Debug|Any CPU.ActiveCfg = Debug|Any CPU
		{A4C043A8-359C-4FF6-BAE3-C5D06C41126D}.Debug|Any CPU.Build.0 = Debug|Any CPU
		{A4C043A8-359C-4FF6-BAE3-C5D06C41126D}.Release|Any CPU.ActiveCfg = Release|Any CPU
		{A4C043A8-359C-4FF6-BAE3-C5D06C41126D}.Release|Any CPU.Build.0 = Release|Any CPU
		{1E46C41F-2379-41AC-BB29-0E0ACCF6C331}.Debug|Any CPU.ActiveCfg = Debug|Any CPU
		{1E46C41F-2379-41AC-BB29-0E0ACCF6C331}.Debug|Any CPU.Build.0 = Debug|Any CPU
		{1E46C41F-2379-41AC-BB29-0E0ACCF6C331}.Release|Any CPU.ActiveCfg = Release|Any CPU
		{1E46C41F-2379-41AC-BB29-0E0ACCF6C331}.Release|Any CPU.Build.0 = Release|Any CPU
	EndGlobalSection
	GlobalSection(SolutionProperties) = preSolution
		HideSolutionNode = FALSE
	EndGlobalSection
	GlobalSection(ExtensibilityGlobals) = postSolution
		SolutionGuid = {8F711700-59A5-4850-BF1A-4611FA9C831B}
	EndGlobalSection
EndGlobal
